
Microsoft Visual Studio Solution File, Format Version 12.00
# Visual Studio Version 16
VisualStudioVersion = 17.0.31717.71
MinimumVisualStudioVersion = 10.0.40219.1
Project("{9A19103F-16F7-4668-BE54-9A1E7A4F7556}") = "NBWSTech.WASM", "NBWSTech.WASM.csproj", "{1AB0CD22-DCFC-4A0C-8A08-D399BBF3C244}"
EndProject
Global
	GlobalSection(SolutionConfigurationPlatforms) = preSolution
		Debug|Any CPU = Debug|Any CPU
		Release|Any CPU = Release|Any CPU
	EndGlobalSection
	GlobalSection(ProjectConfigurationPlatforms) = postSolution
		{1AB0CD22-DCFC-4A0C-8A08-D399BBF3C244}.Debug|Any CPU.ActiveCfg = Debug|Any CPU
		{1AB0CD22-DCFC-4A0C-8A08-D399BBF3C244}.Debug|Any CPU.Build.0 = Debug|Any CPU
		{1AB0CD22-DCFC-4A0C-8A08-D399BBF3C244}.Release|Any CPU.ActiveCfg = Release|Any CPU
		{1AB0CD22-DCFC-4A0C-8A08-D399BBF3C244}.Release|Any CPU.Build.0 = Release|Any CPU
	EndGlobalSection
	GlobalSection(SolutionProperties) = preSolution
		HideSolutionNode = FALSE
	EndGlobalSection
	GlobalSection(ExtensibilityGlobals) = postSolution
		SolutionGuid = {9D45721C-9F26-4492-96FC-EB9AA95E120E}
	EndGlobalSection
EndGlobal
